
Microsoft Visual Studio Solution File, Format Version 12.00
# Visual Studio Version 17
VisualStudioVersion = 17.14.36401.2 d17.14
MinimumVisualStudioVersion = 10.0.40219.1
Project("{2150E333-8FDC-42A3-9474-1A3956D46DE8}") = "src", "src", "{02EA681E-C7D8-13C7-8484-4AC65E1B71E8}"
EndProject
Project("{2150E333-8FDC-42A3-9474-1A3956D46DE8}") = "tests", "tests", "{60E50FEF-FEF7-48F3-9830-304079751E9D}"
EndProject
Project("{2150E333-8FDC-42A3-9474-1A3956D46DE8}") = "Solution Items", "Solution Items", "{BBCC59C3-06F2-4836-8221-82A3454D3DAD}"
	ProjectSection(SolutionItems) = preProject
		.editorconfig = .editorconfig
		Directory.Build.props = Directory.Build.props
	EndProjectSection
EndProject
Project("{FAE04EC0-301F-11D3-BF4B-00C04F79EFBC}") = "ExpenseTracker.Domain", "src\ExpenseTracker.Domain\ExpenseTracker.Domain.csproj", "{1B64B345-20C4-4C2D-8C32-57D4D3712705}"
EndProject
Project("{FAE04EC0-301F-11D3-BF4B-00C04F79EFBC}") = "ExpenseTracker.Application", "ExpenseTracker.Application\ExpenseTracker.Application.csproj", "{3C50E863-5F3D-447E-B5B3-1C12C0B3BF1C}"
EndProject
Project("{FAE04EC0-301F-11D3-BF4B-00C04F79EFBC}") = "ExpenseTracker.Infrastructure", "ExpenseTracker.Infrastructure\ExpenseTracker.Infrastructure.csproj", "{6C21C924-2B4E-4166-84A8-08231A713F5D}"
EndProject
Project("{FAE04EC0-301F-11D3-BF4B-00C04F79EFBC}") = "ExpenseTracker.Api", "ExpenseTracker.Api\ExpenseTracker.Api.csproj", "{151B545C-5890-45D5-BA7E-6BE3B9C02876}"
EndProject
Global
	GlobalSection(SolutionConfigurationPlatforms) = preSolution
		Debug|Any CPU = Debug|Any CPU
		Release|Any CPU = Release|Any CPU
	EndGlobalSection
	GlobalSection(ProjectConfigurationPlatforms) = postSolution
		{1B64B345-20C4-4C2D-8C32-57D4D3712705}.Debug|Any CPU.ActiveCfg = Debug|Any CPU
		{1B64B345-20C4-4C2D-8C32-57D4D3712705}.Debug|Any CPU.Build.0 = Debug|Any CPU
		{1B64B345-20C4-4C2D-8C32-57D4D3712705}.Release|Any CPU.ActiveCfg = Release|Any CPU
		{1B64B345-20C4-4C2D-8C32-57D4D3712705}.Release|Any CPU.Build.0 = Release|Any CPU
		{3C50E863-5F3D-447E-B5B3-1C12C0B3BF1C}.Debug|Any CPU.ActiveCfg = Debug|Any CPU
		{3C50E863-5F3D-447E-B5B3-1C12C0B3BF1C}.Debug|Any CPU.Build.0 = Debug|Any CPU
		{3C50E863-5F3D-447E-B5B3-1C12C0B3BF1C}.Release|Any CPU.ActiveCfg = Release|Any CPU
		{3C50E863-5F3D-447E-B5B3-1C12C0B3BF1C}.Release|Any CPU.Build.0 = Release|Any CPU
		{6C21C924-2B4E-4166-84A8-08231A713F5D}.Debug|Any CPU.ActiveCfg = Debug|Any CPU
		{6C21C924-2B4E-4166-84A8-08231A713F5D}.Debug|Any CPU.Build.0 = Debug|Any CPU
		{6C21C924-2B4E-4166-84A8-08231A713F5D}.Release|Any CPU.ActiveCfg = Release|Any CPU
		{6C21C924-2B4E-4166-84A8-08231A713F5D}.Release|Any CPU.Build.0 = Release|Any CPU
		{151B545C-5890-45D5-BA7E-6BE3B9C02876}.Debug|Any CPU.ActiveCfg = Debug|Any CPU
		{151B545C-5890-45D5-BA7E-6BE3B9C02876}.Debug|Any CPU.Build.0 = Debug|Any CPU
		{151B545C-5890-45D5-BA7E-6BE3B9C02876}.Release|Any CPU.ActiveCfg = Release|Any CPU
		{151B545C-5890-45D5-BA7E-6BE3B9C02876}.Release|Any CPU.Build.0 = Release|Any CPU
	EndGlobalSection
	GlobalSection(SolutionProperties) = preSolution
		HideSolutionNode = FALSE
	EndGlobalSection
	GlobalSection(NestedProjects) = preSolution
		{1B64B345-20C4-4C2D-8C32-57D4D3712705} = {02EA681E-C7D8-13C7-8484-4AC65E1B71E8}
		{3C50E863-5F3D-447E-B5B3-1C12C0B3BF1C} = {02EA681E-C7D8-13C7-8484-4AC65E1B71E8}
		{6C21C924-2B4E-4166-84A8-08231A713F5D} = {02EA681E-C7D8-13C7-8484-4AC65E1B71E8}
		{151B545C-5890-45D5-BA7E-6BE3B9C02876} = {02EA681E-C7D8-13C7-8484-4AC65E1B71E8}
	EndGlobalSection
	GlobalSection(ExtensibilityGlobals) = postSolution
		SolutionGuid = {2B0FCD1A-2EC7-4308-BB2C-62DB7E410C08}
	EndGlobalSection
EndGlobal
